{
  "version": "5",
  "specifiers": {
    "jsr:@hono/hono@^4.8.4": "4.8.4",
    "jsr:@mary/bluesky-client@~0.5.27": "0.5.27",
    "jsr:@std/assert@*": "1.0.9",
    "jsr:@std/dotenv@*": "0.225.3",
    "jsr:@std/internal@^1.0.5": "1.0.5",
    "npm:@atproto/api@*": "0.13.19",
    "npm:showdown@^2.1.0": "2.1.0"
  },
  "jsr": {
    "@hono/hono@4.8.4": {
      "integrity": "dabc0ea1185040fc1e89abfe29906d9e3dd425a4c40f903f9ead78c48917da06"
    },
    "@mary/bluesky-client@0.5.27": {
      "integrity": "3b56bab15ea0de60ef5887e75e742793f683a9e3bee49bb9a608d672305f8c45"
    },
    "@std/assert@1.0.9": {
      "integrity": "a9f0c611a869cc791b26f523eec54c7e187aab7932c2c8e8bea0622d13680dcd",
      "dependencies": [
        "jsr:@std/internal"
      ]
    },
    "@std/dotenv@0.225.3": {
      "integrity": "a95e5b812c27b0854c52acbae215856d9cce9d4bbf774d938c51d212711e8d4a"
    },
    "@std/internal@1.0.5": {
      "integrity": "54a546004f769c1ac9e025abd15a76b6671ddc9687e2313b67376125650dc7ba"
    }
  },
  "npm": {
    "@atproto/api@0.13.19": {
      "integrity": "sha512-rLWQBZaOIk3ds1Fx9CwrdyX3X2GbdSEvVJ9mdSPNX40joiEaE1ljGMOcziFipbvZacXynozE4E0Sb1CgOhzfmA==",
      "dependencies": [
        "@atproto/common-web",
        "@atproto/lexicon",
        "@atproto/syntax",
        "@atproto/xrpc",
        "await-lock",
        "multiformats",
        "tlds",
        "zod"
      ]
    },
    "@atproto/common-web@0.3.1": {
      "integrity": "sha512-N7wiTnus5vAr+lT//0y8m/FaHHLJ9LpGuEwkwDAeV3LCiPif4m/FS8x/QOYrx1PdZQwKso95RAPzCGWQBH5j6Q==",
      "dependencies": [
        "graphemer",
        "multiformats",
        "uint8arrays",
        "zod"
      ]
    },
    "@atproto/lexicon@0.4.3": {
      "integrity": "sha512-lFVZXe1S1pJP0dcxvJuHP3r/a+EAIBwwU7jUK+r8iLhIja+ml6NmYv8KeFHmIJATh03spEQ9s02duDmFVdCoXg==",
      "dependencies": [
        "@atproto/common-web",
        "@atproto/syntax",
        "iso-datestring-validator",
        "multiformats",
        "zod"
      ]
    },
    "@atproto/syntax@0.3.1": {
      "integrity": "sha512-fzW0Mg1QUOVCWUD3RgEsDt6d1OZ6DdFmbKcDdbzUfh0t4rhtRAC05KbZYmxuMPWDAiJ4BbbQ5dkAc/mNypMXkw=="
    },
    "@atproto/xrpc@0.6.4": {
      "integrity": "sha512-9ZAJ8nsXTqC4XFyS0E1Wlg7bAvonhXQNQ3Ocs1L1LIwFLXvsw/4fNpIHXxvXvqTCVeyHLbImOnE9UiO1c/qIYA==",
      "dependencies": [
        "@atproto/lexicon",
        "zod"
      ]
    },
    "await-lock@2.2.2": {
      "integrity": "sha512-aDczADvlvTGajTDjcjpJMqRkOF6Qdz3YbPZm/PyW6tKPkx2hlYBzxMhEywM/tU72HrVZjgl5VCdRuMlA7pZ8Gw=="
    },
    "commander@9.5.0": {
      "integrity": "sha512-KRs7WVDKg86PWiuAqhDrAQnTXZKraVcCc6vFdL14qrZ/DcWwuRo7VoiYXalXO7S5GKpqYiVEwCbgFDfxNHKJBQ=="
    },
    "graphemer@1.4.0": {
      "integrity": "sha512-EtKwoO6kxCL9WO5xipiHTZlSzBm7WLT627TqC/uVRd0HKmq8NXyebnNYxDoBi7wt8eTWrUrKXCOVaFq9x1kgag=="
    },
    "iso-datestring-validator@2.2.2": {
      "integrity": "sha512-yLEMkBbLZTlVQqOnQ4FiMujR6T4DEcCb1xizmvXS+OxuhwcbtynoosRzdMA69zZCShCNAbi+gJ71FxZBBXx1SA=="
    },
    "multiformats@9.9.0": {
      "integrity": "sha512-HoMUjhH9T8DDBNT+6xzkrd9ga/XiBI4xLr58LJACwK6G3HTOPeMz4nB4KJs33L2BelrIJa7P0VuNaVF3hMYfjg=="
    },
    "showdown@2.1.0": {
      "integrity": "sha512-/6NVYu4U819R2pUIk79n67SYgJHWCce0a5xTP979WbNp0FL9MN1I1QK662IDU1b6JzKTvmhgI7T7JYIxBi3kMQ==",
      "dependencies": [
        "commander"
      ],
      "bin": true
    },
    "tlds@1.255.0": {
      "integrity": "sha512-tcwMRIioTcF/FcxLev8MJWxCp+GUALRhFEqbDoZrnowmKSGqPrl5pqS+Sut2m8BgJ6S4FExCSSpGffZ0Tks6Aw==",
      "bin": true
    },
    "uint8arrays@3.0.0": {
      "integrity": "sha512-HRCx0q6O9Bfbp+HHSfQQKD7wU70+lydKVt4EghkdOvlK/NlrF90z+eXV34mUd48rNvVJXwkrMSPpCATkct8fJA==",
      "dependencies": [
        "multiformats"
      ]
    },
    "zod@3.24.1": {
      "integrity": "sha512-muH7gBL9sI1nciMZV67X5fTKKBLtwpZ5VBp1vsOQzj1MhrBZ4wlVCm3gedKZWLp0Oyel8sIGfeiz54Su+OVT+A=="
    }
  },
  "redirects": {
    "https://deno.land/std/html/mod.ts": "https://deno.land/std@0.224.0/html/mod.ts",
    "https://deno.land/x/display/mod.ts": "https://deno.land/x/display@v1.1.2/mod.ts"
  },
  "remote": {
    "https://deno.land/std@0.224.0/html/entities.ts": "fd5ac9d459355a377baea118f4e808a1268808fd9138b319c90f11024e2f1718",
    "https://deno.land/std@0.224.0/html/mod.ts": "047624f883874f4b9781da872f9579a615fb5418af30663c9ce0c65074ace87f",
    "https://deno.land/x/display@v1.1.2/format.ts": "1ba3b8c5c1afdae558095479254f2dcef84d8fcd24464ebdd44f65d99e0b0b9e",
    "https://deno.land/x/display@v1.1.2/mod.ts": "077bedee868852e0f220763d6781d8bcc077f68f0e3269a60e02e93a42c54b70"
  },
  "workspace": {
    "dependencies": [
      "jsr:@hono/hono@^4.8.4",
      "jsr:@mary/bluesky-client@~0.5.27",
      "npm:showdown@^2.1.0"
    ]
  }
}
