{
  "version": "4",
  "specifiers": {
    "jsr:@hono/hono@^4.6.13": "4.6.13",
    "jsr:@mary/bluesky-client@~0.5.27": "0.5.27",
    "jsr:@std/assert@*": "1.0.9",
    "jsr:@std/dotenv@*": "0.225.3",
    "jsr:@std/internal@^1.0.5": "1.0.5"
  },
  "jsr": {
    "@hono/hono@4.6.13": {
      "integrity": "198970fc6facf71a88ee57aa1ed32143b56bcb0f842fa965ca3ee7d6fdd21a8e"
    },
    "@mary/bluesky-client@0.5.27": {
      "integrity": "3b56bab15ea0de60ef5887e75e742793f683a9e3bee49bb9a608d672305f8c45"
    },
    "@std/assert@1.0.9": {
      "integrity": "a9f0c611a869cc791b26f523eec54c7e187aab7932c2c8e8bea0622d13680dcd",
      "dependencies": [
        "jsr:@std/internal"
      ]
    },
    "@std/dotenv@0.225.3": {
      "integrity": "a95e5b812c27b0854c52acbae215856d9cce9d4bbf774d938c51d212711e8d4a"
    },
    "@std/internal@1.0.5": {
      "integrity": "54a546004f769c1ac9e025abd15a76b6671ddc9687e2313b67376125650dc7ba"
    }
  },
  "redirects": {
    "https://deno.land/std/html/mod.ts": "https://deno.land/std@0.224.0/html/mod.ts",
    "https://deno.land/x/display/mod.ts": "https://deno.land/x/display@v1.1.2/mod.ts"
  },
  "remote": {
    "https://deno.land/std@0.224.0/html/entities.ts": "fd5ac9d459355a377baea118f4e808a1268808fd9138b319c90f11024e2f1718",
    "https://deno.land/std@0.224.0/html/mod.ts": "047624f883874f4b9781da872f9579a615fb5418af30663c9ce0c65074ace87f",
    "https://deno.land/x/display@v1.1.2/format.ts": "1ba3b8c5c1afdae558095479254f2dcef84d8fcd24464ebdd44f65d99e0b0b9e",
    "https://deno.land/x/display@v1.1.2/mod.ts": "077bedee868852e0f220763d6781d8bcc077f68f0e3269a60e02e93a42c54b70"
  },
  "workspace": {
    "dependencies": [
      "jsr:@hono/hono@^4.6.13",
      "jsr:@mary/bluesky-client@~0.5.27"
    ]
  }
}
